
Microsoft Visual Studio Solution File, Format Version 12.00
# Visual Studio Version 16
VisualStudioVersion = 16.0.31702.278
MinimumVisualStudioVersion = 10.0.40219.1
Project("{FAE04EC0-301F-11D3-BF4B-00C04F79EFBC}") = "TSqlToolsLibDotNET", "TSqlToolsLibDotNET\TSqlToolsLibDotNET.csproj", "{E9929259-9493-4001-8C8B-F471FE35FF79}"
EndProject
Project("{2150E333-8FDC-42A3-9474-1A3956D46DE8}") = "Solution Items", "Solution Items", "{C4740FC9-49AF-4D50-9259-483201100618}"
EndProject
Global
	GlobalSection(SolutionConfigurationPlatforms) = preSolution
		Debug|Any CPU = Debug|Any CPU
		Release|Any CPU = Release|Any CPU
	EndGlobalSection
	GlobalSection(ProjectConfigurationPlatforms) = postSolution
		{E9929259-9493-4001-8C8B-F471FE35FF79}.Debug|Any CPU.ActiveCfg = Debug|Any CPU
		{E9929259-9493-4001-8C8B-F471FE35FF79}.Debug|Any CPU.Build.0 = Debug|Any CPU
		{E9929259-9493-4001-8C8B-F471FE35FF79}.Release|Any CPU.ActiveCfg = Release|Any CPU
		{E9929259-9493-4001-8C8B-F471FE35FF79}.Release|Any CPU.Build.0 = Release|Any CPU
	EndGlobalSection
	GlobalSection(SolutionProperties) = preSolution
		HideSolutionNode = FALSE
	EndGlobalSection
	GlobalSection(ExtensibilityGlobals) = postSolution
		SolutionGuid = {69A6E0D8-D944-46A9-B2B2-62D4A4A0CF6C}
	EndGlobalSection
EndGlobal
